
Microsoft Visual Studio Solution File, Format Version 12.00
# Visual Studio 2013
VisualStudioVersion = 12.0.30501.0
MinimumVisualStudioVersion = 10.0.40219.1
Project("{FAE04EC0-301F-11D3-BF4B-00C04F79EFBC}") = "CDrive", "CDrive\CDrive.csproj", "{AD66BBBC-380B-49E2-BD66-E05D30BAA570}"
EndProject
Global
	GlobalSection(SolutionConfigurationPlatforms) = preSolution
		Debug|Any CPU = Debug|Any CPU
		Release|Any CPU = Release|Any CPU
	EndGlobalSection
	GlobalSection(ProjectConfigurationPlatforms) = postSolution
		{AD66BBBC-380B-49E2-BD66-E05D30BAA570}.Debug|Any CPU.ActiveCfg = Debug|Any CPU
		{AD66BBBC-380B-49E2-BD66-E05D30BAA570}.Debug|Any CPU.Build.0 = Debug|Any CPU
		{AD66BBBC-380B-49E2-BD66-E05D30BAA570}.Release|Any CPU.ActiveCfg = Release|Any CPU
		{AD66BBBC-380B-49E2-BD66-E05D30BAA570}.Release|Any CPU.Build.0 = Release|Any CPU
	EndGlobalSection
	GlobalSection(SolutionProperties) = preSolution
		HideSolutionNode = FALSE
	EndGlobalSection
EndGlobal
